<?xml version="1.0" encoding="utf-8"?>
<Project ToolsVersion="4.0" xmlns="http://schemas.microsoft.com/developer/msbuild/2003">
  <ItemGroup>
    <Filter Include="tests">
      <UniqueIdentifier>{a5e4136b-2cd6-4c1e-a593-f6651247dfa8}</UniqueIdentifier>
    </Filter>
    <Filter Include="PlaneExtraction">
      <UniqueIdentifier>{ee867fc2-17c3-4080-a703-df691594cc7d}</UniqueIdentifier>
    </Filter>
    <Filter Include="GraphCut">
      <UniqueIdentifier>{2b208555-6f1b-406e-a99d-1e5747008058}</UniqueIdentifier>
    </Filter>
    <Filter Include="ICP">
      <UniqueIdentifier>{542cadd4-7dc1-4c18-bff0-be5b50a9db9a}</UniqueIdentifier>
    </Filter>
    <Filter Include="imgproc">
      <UniqueIdentifier>{ae4407f8-5e7b-4783-bfe7-9dc0285c2164}</UniqueIdentifier>
    </Filter>
    <Filter Include="fileutil">
      <UniqueIdentifier>{2ae93f0c-b3f0-4580-89af-e6f5287dd4a4}</UniqueIdentifier>
    </Filter>
    <Filter Include="sdf">
      <UniqueIdentifier>{368b0bea-c53a-4c44-9955-727862565098}</UniqueIdentifier>
    </Filter>
    <Filter Include="ColorICP">
      <UniqueIdentifier>{6816f6e5-e7f0-4f56-887d-b5b339d4d590}</UniqueIdentifier>
    </Filter>
    <Filter Include="UVAtlas">
      <UniqueIdentifier>{229f13aa-f21f-44b3-95e1-510f24647e19}</UniqueIdentifier>
    </Filter>
    <Filter Include="GLRender">
      <UniqueIdentifier>{076bc878-0240-4a40-ad6f-00726beb54f5}</UniqueIdentifier>
    </Filter>
  </ItemGroup>
  <ItemGroup>
    <ClCompile Include="tests\test_sens.cpp">
      <Filter>tests</Filter>
    </ClCompile>
    <ClCompile Include="tests\test_plane.cpp">
      <Filter>tests</Filter>
    </ClCompile>
    <ClCompile Include="PlaneExtraction\PlaneData.cpp">
      <Filter>PlaneExtraction</Filter>
    </ClCompile>
    <ClCompile Include="PlaneExtraction\PlaneExtraction.cpp">
      <Filter>PlaneExtraction</Filter>
    </ClCompile>
    <ClCompile Include="PlaneExtraction\PlaneFitter.cpp">
      <Filter>PlaneExtraction</Filter>
    </ClCompile>
    <ClCompile Include="PlaneExtraction\PlaneSegment.cpp">
      <Filter>PlaneExtraction</Filter>
    </ClCompile>
    <ClCompile Include="GraphCut\GCoptimization.cpp">
      <Filter>GraphCut</Filter>
    </ClCompile>
    <ClCompile Include="GraphCut\graph.cpp">
      <Filter>GraphCut</Filter>
    </ClCompile>
    <ClCompile Include="GraphCut\LinkedBlockList.cpp">
      <Filter>GraphCut</Filter>
    </ClCompile>
    <ClCompile Include="GraphCut\maxflow.cpp">
      <Filter>GraphCut</Filter>
    </ClCompile>
    <ClCompile Include="tests\test_seg.cpp">
      <Filter>tests</Filter>
    </ClCompile>
    <ClCompile Include="main.cpp" />
    <ClCompile Include="mlibutil.cpp" />
    <ClCompile Include="tests\test_ceres.cpp">
      <Filter>tests</Filter>
    </ClCompile>
    <ClCompile Include="imgproc\filter.cpp">
      <Filter>imgproc</Filter>
    </ClCompile>
    <ClCompile Include="ICP\ICP.cpp">
      <Filter>ICP</Filter>
    </ClCompile>
    <ClCompile Include="tests\test_icp.cpp">
      <Filter>tests</Filter>
    </ClCompile>
    <ClCompile Include="sdf\MarchingCubes.cpp">
      <Filter>sdf</Filter>
    </ClCompile>
    <ClCompile Include="sdf\VoxelGrid.cpp">
      <Filter>sdf</Filter>
    </ClCompile>
    <ClCompile Include="sdf\Fuser.cpp">
      <Filter>sdf</Filter>
    </ClCompile>
    <ClCompile Include="fileutil\sensio.cpp">
      <Filter>fileutil</Filter>
    </ClCompile>
    <ClCompile Include="ColorICP\ColorICP.cpp">
      <Filter>ColorICP</Filter>
    </ClCompile>
    <ClCompile Include="tests\test_color_icp.cpp">
      <Filter>tests</Filter>
    </ClCompile>
    <ClCompile Include="ColorICP\NonRigidColorICP.cpp">
      <Filter>ColorICP</Filter>
    </ClCompile>
    <ClCompile Include="ColorICP\ControlLattice.cpp">
      <Filter>ColorICP</Filter>
    </ClCompile>
    <ClCompile Include="UVAtlas\mUVAtlas.cpp">
      <Filter>UVAtlas</Filter>
    </ClCompile>
    <ClCompile Include="GLRender\RenderGLHelper.cpp">
      <Filter>GLRender</Filter>
    </ClCompile>
    <ClCompile Include="GLRender\RenderPlatform.cpp">
      <Filter>GLRender</Filter>
    </ClCompile>
    <ClCompile Include="GLRender\shader_src.cc">
      <Filter>GLRender</Filter>
    </ClCompile>
  </ItemGroup>
  <ItemGroup>
    <ClInclude Include="tests\tests.h">
      <Filter>tests</Filter>
    </ClInclude>
    <ClInclude Include="PlaneExtraction\Plane.h">
      <Filter>PlaneExtraction</Filter>
    </ClInclude>
    <ClInclude Include="PlaneExtraction\PlaneData.h">
      <Filter>PlaneExtraction</Filter>
    </ClInclude>
    <ClInclude Include="PlaneExtraction\PlaneFitter.h">
      <Filter>PlaneExtraction</Filter>
    </ClInclude>
    <ClInclude Include="PlaneExtraction\PlaneSegment.h">
      <Filter>PlaneExtraction</Filter>
    </ClInclude>
    <ClInclude Include="PlaneExtraction\PlaneUtil.hpp">
      <Filter>PlaneExtraction</Filter>
    </ClInclude>
    <ClInclude Include="GraphCut\block.h">
      <Filter>GraphCut</Filter>
    </ClInclude>
    <ClInclude Include="GraphCut\energy.h">
      <Filter>GraphCut</Filter>
    </ClInclude>
    <ClInclude Include="GraphCut\GCoptimization.h">
      <Filter>GraphCut</Filter>
    </ClInclude>
    <ClInclude Include="GraphCut\graph.h">
      <Filter>GraphCut</Filter>
    </ClInclude>
    <ClInclude Include="GraphCut\LinkedBlockList.h">
      <Filter>GraphCut</Filter>
    </ClInclude>
    <ClInclude Include="mlibutil.h" />
    <ClInclude Include="imgproc\filter.h">
      <Filter>imgproc</Filter>
    </ClInclude>
    <ClInclude Include="ICP\ICP.h">
      <Filter>ICP</Filter>
    </ClInclude>
    <ClInclude Include="sdf\MarchingCubes.h">
      <Filter>sdf</Filter>
    </ClInclude>
    <ClInclude Include="sdf\Tables.h">
      <Filter>sdf</Filter>
    </ClInclude>
    <ClInclude Include="sdf\VoxelGrid.h">
      <Filter>sdf</Filter>
    </ClInclude>
    <ClInclude Include="sdf\Fuser.h">
      <Filter>sdf</Filter>
    </ClInclude>
    <ClInclude Include="fileutil\sensio.h">
      <Filter>fileutil</Filter>
    </ClInclude>
    <ClInclude Include="ColorICP\KeyFrame.h">
      <Filter>ColorICP</Filter>
    </ClInclude>
    <ClInclude Include="ColorICP\ColorICP.h">
      <Filter>ColorICP</Filter>
    </ClInclude>
    <ClInclude Include="ColorICP\ControlLattice.h">
      <Filter>ColorICP</Filter>
    </ClInclude>
    <ClInclude Include="ColorICP\NonRigidColorICP.h">
      <Filter>ColorICP</Filter>
    </ClInclude>
    <ClInclude Include="UVAtlas\mUVAtlas.h">
      <Filter>UVAtlas</Filter>
    </ClInclude>
    <ClInclude Include="GLRender\RenderGLColor.h">
      <Filter>GLRender</Filter>
    </ClInclude>
    <ClInclude Include="GLRender\RenderGLHelper.h">
      <Filter>GLRender</Filter>
    </ClInclude>
    <ClInclude Include="GLRender\RenderHelper.h">
      <Filter>GLRender</Filter>
    </ClInclude>
    <ClInclude Include="GLRender\RenderPlatform.h">
      <Filter>GLRender</Filter>
    </ClInclude>
    <ClInclude Include="GLRender\shader_src.h">
      <Filter>GLRender</Filter>
    </ClInclude>
  </ItemGroup>
</Project>